
Microsoft Visual Studio Solution File, Format Version 12.00
# Visual Studio Version 17
VisualStudioVersion = 17.3.32825.248
MinimumVisualStudioVersion = 10.0.40219.1
Project("{FAE04EC0-301F-11D3-BF4B-00C04F79EFBC}") = "SchereSteinPapier", "SchereSteinPapier.csproj", "{9BEA324B-1DED-45B0-8DCF-9E8D24E89E0D}"
EndProject
Global
	GlobalSection(SolutionConfigurationPlatforms) = preSolution
		Debug|Any CPU = Debug|Any CPU
		Release|Any CPU = Release|Any CPU
	EndGlobalSection
	GlobalSection(ProjectConfigurationPlatforms) = postSolution
		{9BEA324B-1DED-45B0-8DCF-9E8D24E89E0D}.Debug|Any CPU.ActiveCfg = Debug|Any CPU
		{9BEA324B-1DED-45B0-8DCF-9E8D24E89E0D}.Debug|Any CPU.Build.0 = Debug|Any CPU
		{9BEA324B-1DED-45B0-8DCF-9E8D24E89E0D}.Release|Any CPU.ActiveCfg = Release|Any CPU
		{9BEA324B-1DED-45B0-8DCF-9E8D24E89E0D}.Release|Any CPU.Build.0 = Release|Any CPU
	EndGlobalSection
	GlobalSection(SolutionProperties) = preSolution
		HideSolutionNode = FALSE
	EndGlobalSection
	GlobalSection(ExtensibilityGlobals) = postSolution
		SolutionGuid = {74E2BB3C-22AE-4882-83BB-179ED76489DA}
	EndGlobalSection
EndGlobal
